
Microsoft Visual Studio Solution File, Format Version 12.00
# Visual Studio 15
VisualStudioVersion = 15.0.27703.2018
MinimumVisualStudioVersion = 10.0.40219.1
Project("{9A19103F-16F7-4668-BE54-9A1E7A4F7556}") = "NetApp", "NetApp\NetApp.csproj", "{BE9DA210-AED1-408F-A6F9-4E680DA9EF5E}"
EndProject
Project("{9A19103F-16F7-4668-BE54-9A1E7A4F7556}") = "NetApp.Tests", "NetApp.Tests\NetApp.Tests.csproj", "{BC1F3BC1-0BE5-482E-9E17-4D57FC5872A1}"
EndProject
Project("{9A19103F-16F7-4668-BE54-9A1E7A4F7556}") = "NetApp.Portal", "NetApp.Portal\NetApp.Portal.csproj", "{301B17E7-9DD9-4D03-B9B1-DE67FAEEDEA6}"
EndProject
Project("{9A19103F-16F7-4668-BE54-9A1E7A4F7556}") = "NetApp.Entities", "NetApp.Entities\NetApp.Entities.csproj", "{8A9344EE-5F31-47B4-925E-7C92B28635BF}"
EndProject
Project("{9A19103F-16F7-4668-BE54-9A1E7A4F7556}") = "NetApp.Repository", "NetApp.Repository\NetApp.Repository.csproj", "{39D31323-9DBF-42BA-B880-50F3400412D6}"
EndProject
Project("{9A19103F-16F7-4668-BE54-9A1E7A4F7556}") = "NetApp.Business.Interfaces", "NetApp.Business.Interfaces\NetApp.Business.Interfaces.csproj", "{41AE8FD9-07BB-4C83-A923-589F0BE22FC4}"
EndProject
Project("{9A19103F-16F7-4668-BE54-9A1E7A4F7556}") = "NetApp.Repository.Interfaces", "NetApp.Repository.Interfaces\NetApp.Repository.Interfaces.csproj", "{FFA2CDD2-396F-49AD-9D81-9C0D77B292F2}"
EndProject
Project("{9A19103F-16F7-4668-BE54-9A1E7A4F7556}") = "NetApp.Business", "NetApp.Business\NetApp.Business.csproj", "{8E81FEC7-4398-4947-9CD9-7BA351B483E4}"
EndProject
Project("{9A19103F-16F7-4668-BE54-9A1E7A4F7556}") = "NetApp.Play", "NetApp.Play\NetApp.Play.csproj", "{46BED184-4366-4E09-B03F-0FA0B5A7243B}"
EndProject
Project("{FAE04EC0-301F-11D3-BF4B-00C04F79EFBC}") = "NetApp.Service", "NetApp.Service\NetApp.Service.csproj", "{836CCD36-0E2F-4596-9EA0-73F0A1F78E7E}"
EndProject
Global
	GlobalSection(SolutionConfigurationPlatforms) = preSolution
		Debug|Any CPU = Debug|Any CPU
		Release|Any CPU = Release|Any CPU
	EndGlobalSection
	GlobalSection(ProjectConfigurationPlatforms) = postSolution
		{BE9DA210-AED1-408F-A6F9-4E680DA9EF5E}.Debug|Any CPU.ActiveCfg = Debug|Any CPU
		{BE9DA210-AED1-408F-A6F9-4E680DA9EF5E}.Debug|Any CPU.Build.0 = Debug|Any CPU
		{BE9DA210-AED1-408F-A6F9-4E680DA9EF5E}.Release|Any CPU.ActiveCfg = Release|Any CPU
		{BE9DA210-AED1-408F-A6F9-4E680DA9EF5E}.Release|Any CPU.Build.0 = Release|Any CPU
		{BC1F3BC1-0BE5-482E-9E17-4D57FC5872A1}.Debug|Any CPU.ActiveCfg = Debug|Any CPU
		{BC1F3BC1-0BE5-482E-9E17-4D57FC5872A1}.Debug|Any CPU.Build.0 = Debug|Any CPU
		{BC1F3BC1-0BE5-482E-9E17-4D57FC5872A1}.Release|Any CPU.ActiveCfg = Release|Any CPU
		{BC1F3BC1-0BE5-482E-9E17-4D57FC5872A1}.Release|Any CPU.Build.0 = Release|Any CPU
		{301B17E7-9DD9-4D03-B9B1-DE67FAEEDEA6}.Debug|Any CPU.ActiveCfg = Debug|Any CPU
		{301B17E7-9DD9-4D03-B9B1-DE67FAEEDEA6}.Debug|Any CPU.Build.0 = Debug|Any CPU
		{301B17E7-9DD9-4D03-B9B1-DE67FAEEDEA6}.Release|Any CPU.ActiveCfg = Release|Any CPU
		{301B17E7-9DD9-4D03-B9B1-DE67FAEEDEA6}.Release|Any CPU.Build.0 = Release|Any CPU
		{8A9344EE-5F31-47B4-925E-7C92B28635BF}.Debug|Any CPU.ActiveCfg = Debug|Any CPU
		{8A9344EE-5F31-47B4-925E-7C92B28635BF}.Debug|Any CPU.Build.0 = Debug|Any CPU
		{8A9344EE-5F31-47B4-925E-7C92B28635BF}.Release|Any CPU.ActiveCfg = Release|Any CPU
		{8A9344EE-5F31-47B4-925E-7C92B28635BF}.Release|Any CPU.Build.0 = Release|Any CPU
		{39D31323-9DBF-42BA-B880-50F3400412D6}.Debug|Any CPU.ActiveCfg = Debug|Any CPU
		{39D31323-9DBF-42BA-B880-50F3400412D6}.Debug|Any CPU.Build.0 = Debug|Any CPU
		{39D31323-9DBF-42BA-B880-50F3400412D6}.Release|Any CPU.ActiveCfg = Release|Any CPU
		{39D31323-9DBF-42BA-B880-50F3400412D6}.Release|Any CPU.Build.0 = Release|Any CPU
		{41AE8FD9-07BB-4C83-A923-589F0BE22FC4}.Debug|Any CPU.ActiveCfg = Debug|Any CPU
		{41AE8FD9-07BB-4C83-A923-589F0BE22FC4}.Debug|Any CPU.Build.0 = Debug|Any CPU
		{41AE8FD9-07BB-4C83-A923-589F0BE22FC4}.Release|Any CPU.ActiveCfg = Release|Any CPU
		{41AE8FD9-07BB-4C83-A923-589F0BE22FC4}.Release|Any CPU.Build.0 = Release|Any CPU
		{FFA2CDD2-396F-49AD-9D81-9C0D77B292F2}.Debug|Any CPU.ActiveCfg = Debug|Any CPU
		{FFA2CDD2-396F-49AD-9D81-9C0D77B292F2}.Debug|Any CPU.Build.0 = Debug|Any CPU
		{FFA2CDD2-396F-49AD-9D81-9C0D77B292F2}.Release|Any CPU.ActiveCfg = Release|Any CPU
		{FFA2CDD2-396F-49AD-9D81-9C0D77B292F2}.Release|Any CPU.Build.0 = Release|Any CPU
		{8E81FEC7-4398-4947-9CD9-7BA351B483E4}.Debug|Any CPU.ActiveCfg = Debug|Any CPU
		{8E81FEC7-4398-4947-9CD9-7BA351B483E4}.Debug|Any CPU.Build.0 = Debug|Any CPU
		{8E81FEC7-4398-4947-9CD9-7BA351B483E4}.Release|Any CPU.ActiveCfg = Release|Any CPU
		{8E81FEC7-4398-4947-9CD9-7BA351B483E4}.Release|Any CPU.Build.0 = Release|Any CPU
		{46BED184-4366-4E09-B03F-0FA0B5A7243B}.Debug|Any CPU.ActiveCfg = Debug|Any CPU
		{46BED184-4366-4E09-B03F-0FA0B5A7243B}.Debug|Any CPU.Build.0 = Debug|Any CPU
		{46BED184-4366-4E09-B03F-0FA0B5A7243B}.Release|Any CPU.ActiveCfg = Release|Any CPU
		{46BED184-4366-4E09-B03F-0FA0B5A7243B}.Release|Any CPU.Build.0 = Release|Any CPU
		{836CCD36-0E2F-4596-9EA0-73F0A1F78E7E}.Debug|Any CPU.ActiveCfg = Debug|Any CPU
		{836CCD36-0E2F-4596-9EA0-73F0A1F78E7E}.Debug|Any CPU.Build.0 = Debug|Any CPU
		{836CCD36-0E2F-4596-9EA0-73F0A1F78E7E}.Release|Any CPU.ActiveCfg = Release|Any CPU
		{836CCD36-0E2F-4596-9EA0-73F0A1F78E7E}.Release|Any CPU.Build.0 = Release|Any CPU
	EndGlobalSection
	GlobalSection(SolutionProperties) = preSolution
		HideSolutionNode = FALSE
	EndGlobalSection
	GlobalSection(ExtensibilityGlobals) = postSolution
		SolutionGuid = {EB3FAC62-DD00-4CF4-B03E-DD80E9C4D19F}
	EndGlobalSection
EndGlobal
