
Microsoft Visual Studio Solution File, Format Version 12.00
# Visual Studio 15
VisualStudioVersion = 15.0.27703.2018
MinimumVisualStudioVersion = 10.0.40219.1
Project("{9A19103F-16F7-4668-BE54-9A1E7A4F7556}") = "NetApp.Entities", "NetApp.Entities\NetApp.Entities.csproj", "{8A9344EE-5F31-47B4-925E-7C92B28635BF}"
EndProject
Project("{9A19103F-16F7-4668-BE54-9A1E7A4F7556}") = "NetApp.Repository", "NetApp.Repository\NetApp.Repository.csproj", "{39D31323-9DBF-42BA-B880-50F3400412D6}"
EndProject
Project("{9A19103F-16F7-4668-BE54-9A1E7A4F7556}") = "NetApp.Repository.Interfaces", "NetApp.Repository.Interfaces\NetApp.Repository.Interfaces.csproj", "{FFA2CDD2-396F-49AD-9D81-9C0D77B292F2}"
EndProject
Project("{9A19103F-16F7-4668-BE54-9A1E7A4F7556}") = "NetApp.Play", "NetApp.Play\NetApp.Play.csproj", "{46BED184-4366-4E09-B03F-0FA0B5A7243B}"
EndProject
Project("{9A19103F-16F7-4668-BE54-9A1E7A4F7556}") = "NetApp.Gateway", "NetApp.Gateway\NetApp.Gateway.csproj", "{75FD1233-94DB-476F-8C29-6DF92CAF232C}"
EndProject
Project("{2150E333-8FDC-42A3-9474-1A3956D46DE8}") = "NetApp.Services", "NetApp.Services", "{36360736-79A6-4C43-B474-A15B4A11303F}"
EndProject
Project("{9A19103F-16F7-4668-BE54-9A1E7A4F7556}") = "NetApp.Service", "NetApp.Service\NetApp.Service.csproj", "{DAB26AE0-84F5-485F-ACAC-054CA5784D3D}"
EndProject
Project("{9A19103F-16F7-4668-BE54-9A1E7A4F7556}") = "NetApp.Services.Delivery", "NetApp.Services.Delivery\NetApp.Services.Delivery.csproj", "{42994138-1E3B-4195-8947-1B44F08A9C8D}"
EndProject
Project("{FAE04EC0-301F-11D3-BF4B-00C04F79EFBC}") = "NetApp.Services.Browse", "NetApp.Services.Browse\NetApp.Services.Browse.csproj", "{5F319826-ED37-4B71-A1AE-4E3597A6D718}"
EndProject
Project("{FAE04EC0-301F-11D3-BF4B-00C04F79EFBC}") = "NetApp.Services.Buy", "NetApp.Services.Buy\NetApp.Services.Buy.csproj", "{B8B4DD20-2787-4FAC-8F04-9A8ADB259628}"
EndProject
Project("{9A19103F-16F7-4668-BE54-9A1E7A4F7556}") = "NetApp.Services.Lib", "NetApp.Services.Lib\NetApp.Services.Lib.csproj", "{46645A88-6E0A-4D49-98E8-CD9C3C851411}"
EndProject
Global
	GlobalSection(SolutionConfigurationPlatforms) = preSolution
		Debug|Any CPU = Debug|Any CPU
		Release|Any CPU = Release|Any CPU
	EndGlobalSection
	GlobalSection(ProjectConfigurationPlatforms) = postSolution
		{8A9344EE-5F31-47B4-925E-7C92B28635BF}.Debug|Any CPU.ActiveCfg = Debug|Any CPU
		{8A9344EE-5F31-47B4-925E-7C92B28635BF}.Debug|Any CPU.Build.0 = Debug|Any CPU
		{8A9344EE-5F31-47B4-925E-7C92B28635BF}.Release|Any CPU.ActiveCfg = Release|Any CPU
		{8A9344EE-5F31-47B4-925E-7C92B28635BF}.Release|Any CPU.Build.0 = Release|Any CPU
		{39D31323-9DBF-42BA-B880-50F3400412D6}.Debug|Any CPU.ActiveCfg = Debug|Any CPU
		{39D31323-9DBF-42BA-B880-50F3400412D6}.Debug|Any CPU.Build.0 = Debug|Any CPU
		{39D31323-9DBF-42BA-B880-50F3400412D6}.Release|Any CPU.ActiveCfg = Release|Any CPU
		{39D31323-9DBF-42BA-B880-50F3400412D6}.Release|Any CPU.Build.0 = Release|Any CPU
		{FFA2CDD2-396F-49AD-9D81-9C0D77B292F2}.Debug|Any CPU.ActiveCfg = Debug|Any CPU
		{FFA2CDD2-396F-49AD-9D81-9C0D77B292F2}.Debug|Any CPU.Build.0 = Debug|Any CPU
		{FFA2CDD2-396F-49AD-9D81-9C0D77B292F2}.Release|Any CPU.ActiveCfg = Release|Any CPU
		{FFA2CDD2-396F-49AD-9D81-9C0D77B292F2}.Release|Any CPU.Build.0 = Release|Any CPU
		{46BED184-4366-4E09-B03F-0FA0B5A7243B}.Debug|Any CPU.ActiveCfg = Debug|Any CPU
		{46BED184-4366-4E09-B03F-0FA0B5A7243B}.Debug|Any CPU.Build.0 = Debug|Any CPU
		{46BED184-4366-4E09-B03F-0FA0B5A7243B}.Release|Any CPU.ActiveCfg = Release|Any CPU
		{46BED184-4366-4E09-B03F-0FA0B5A7243B}.Release|Any CPU.Build.0 = Release|Any CPU
		{75FD1233-94DB-476F-8C29-6DF92CAF232C}.Debug|Any CPU.ActiveCfg = Debug|Any CPU
		{75FD1233-94DB-476F-8C29-6DF92CAF232C}.Debug|Any CPU.Build.0 = Debug|Any CPU
		{75FD1233-94DB-476F-8C29-6DF92CAF232C}.Release|Any CPU.ActiveCfg = Release|Any CPU
		{75FD1233-94DB-476F-8C29-6DF92CAF232C}.Release|Any CPU.Build.0 = Release|Any CPU
		{DAB26AE0-84F5-485F-ACAC-054CA5784D3D}.Debug|Any CPU.ActiveCfg = Debug|Any CPU
		{DAB26AE0-84F5-485F-ACAC-054CA5784D3D}.Debug|Any CPU.Build.0 = Debug|Any CPU
		{DAB26AE0-84F5-485F-ACAC-054CA5784D3D}.Release|Any CPU.ActiveCfg = Release|Any CPU
		{DAB26AE0-84F5-485F-ACAC-054CA5784D3D}.Release|Any CPU.Build.0 = Release|Any CPU
		{42994138-1E3B-4195-8947-1B44F08A9C8D}.Debug|Any CPU.ActiveCfg = Debug|Any CPU
		{42994138-1E3B-4195-8947-1B44F08A9C8D}.Debug|Any CPU.Build.0 = Debug|Any CPU
		{42994138-1E3B-4195-8947-1B44F08A9C8D}.Release|Any CPU.ActiveCfg = Release|Any CPU
		{42994138-1E3B-4195-8947-1B44F08A9C8D}.Release|Any CPU.Build.0 = Release|Any CPU
		{5F319826-ED37-4B71-A1AE-4E3597A6D718}.Debug|Any CPU.ActiveCfg = Debug|Any CPU
		{5F319826-ED37-4B71-A1AE-4E3597A6D718}.Debug|Any CPU.Build.0 = Debug|Any CPU
		{5F319826-ED37-4B71-A1AE-4E3597A6D718}.Release|Any CPU.ActiveCfg = Release|Any CPU
		{5F319826-ED37-4B71-A1AE-4E3597A6D718}.Release|Any CPU.Build.0 = Release|Any CPU
		{B8B4DD20-2787-4FAC-8F04-9A8ADB259628}.Debug|Any CPU.ActiveCfg = Debug|Any CPU
		{B8B4DD20-2787-4FAC-8F04-9A8ADB259628}.Debug|Any CPU.Build.0 = Debug|Any CPU
		{B8B4DD20-2787-4FAC-8F04-9A8ADB259628}.Release|Any CPU.ActiveCfg = Release|Any CPU
		{B8B4DD20-2787-4FAC-8F04-9A8ADB259628}.Release|Any CPU.Build.0 = Release|Any CPU
		{46645A88-6E0A-4D49-98E8-CD9C3C851411}.Debug|Any CPU.ActiveCfg = Debug|Any CPU
		{46645A88-6E0A-4D49-98E8-CD9C3C851411}.Debug|Any CPU.Build.0 = Debug|Any CPU
		{46645A88-6E0A-4D49-98E8-CD9C3C851411}.Release|Any CPU.ActiveCfg = Release|Any CPU
		{46645A88-6E0A-4D49-98E8-CD9C3C851411}.Release|Any CPU.Build.0 = Release|Any CPU
	EndGlobalSection
	GlobalSection(SolutionProperties) = preSolution
		HideSolutionNode = FALSE
	EndGlobalSection
	GlobalSection(NestedProjects) = preSolution
		{DAB26AE0-84F5-485F-ACAC-054CA5784D3D} = {36360736-79A6-4C43-B474-A15B4A11303F}
		{42994138-1E3B-4195-8947-1B44F08A9C8D} = {36360736-79A6-4C43-B474-A15B4A11303F}
		{5F319826-ED37-4B71-A1AE-4E3597A6D718} = {36360736-79A6-4C43-B474-A15B4A11303F}
		{B8B4DD20-2787-4FAC-8F04-9A8ADB259628} = {36360736-79A6-4C43-B474-A15B4A11303F}
		{46645A88-6E0A-4D49-98E8-CD9C3C851411} = {36360736-79A6-4C43-B474-A15B4A11303F}
	EndGlobalSection
	GlobalSection(ExtensibilityGlobals) = postSolution
		SolutionGuid = {EB3FAC62-DD00-4CF4-B03E-DD80E9C4D19F}
	EndGlobalSection
EndGlobal
