
Microsoft Visual Studio Solution File, Format Version 12.00
# Visual Studio 15
VisualStudioVersion = 15.0.28010.2003
MinimumVisualStudioVersion = 10.0.40219.1
Project("{9A19103F-16F7-4668-BE54-9A1E7A4F7556}") = "NetApp", "NetApp\NetApp.csproj", "{80926CAB-1DC3-41D0-98B0-CA858A625DD7}"
EndProject
Project("{9A19103F-16F7-4668-BE54-9A1E7A4F7556}") = "NetApp.Repository", "NetApp.Repository\NetApp.Repository.csproj", "{594F5041-7C75-4639-84D1-5807FB51BFE6}"
EndProject
Project("{9A19103F-16F7-4668-BE54-9A1E7A4F7556}") = "NetApp.Play", "NetApp.Play\NetApp.Play.csproj", "{9D6471E3-982A-4CDB-9F0F-BAE745717A3B}"
EndProject
Project("{9A19103F-16F7-4668-BE54-9A1E7A4F7556}") = "NetApp.Gateway", "NetApp.Gateway\NetApp.Gateway.csproj", "{D4148CBA-12CA-4781-9157-936D673E593C}"
EndProject
Project("{9A19103F-16F7-4668-BE54-9A1E7A4F7556}") = "NetApp.Services.Lib", "NetApp.Services.Lib\NetApp.Services.Lib.csproj", "{6CC20F89-A488-42D4-BECD-9434EEB51BA9}"
EndProject
Project("{9A19103F-16F7-4668-BE54-9A1E7A4F7556}") = "NetApp.React", "NetApp.React\NetApp.React.csproj", "{739C8C87-36B7-431A-B79D-61CAEA54D697}"
EndProject
Project("{9A19103F-16F7-4668-BE54-9A1E7A4F7556}") = "NetApp.Services.Identity", "NetApp.Services.Identity\NetApp.Services.Identity.csproj", "{68018069-7C90-4D10-9779-6B5B584657F3}"
EndProject
Project("{9A19103F-16F7-4668-BE54-9A1E7A4F7556}") = "NetApp.Common", "NetApp.Common\NetApp.Common.csproj", "{A8674A42-E725-4A60-B023-B91E88659063}"
EndProject
Project("{9A19103F-16F7-4668-BE54-9A1E7A4F7556}") = "NetApp.EventBus", "NetApp.EventBus\NetApp.EventBus.csproj", "{33CDA84D-48A8-407D-8938-46B8972871E3}"
EndProject
Project("{2150E333-8FDC-42A3-9474-1A3956D46DE8}") = "Services", "Services", "{01DABFAB-4796-43CC-B550-6D5D29E6BA1E}"
EndProject
Project("{9A19103F-16F7-4668-BE54-9A1E7A4F7556}") = "NetApp.Services.Catalog", "NetApp.Services.Catalog\NetApp.Services.Catalog.csproj", "{9FD975C7-ED4F-4F12-926D-585084170312}"
EndProject
Project("{9A19103F-16F7-4668-BE54-9A1E7A4F7556}") = "NetApp.Tests", "NetApp.Tests\NetApp.Tests.csproj", "{3EAFA6BB-82A6-4364-AA34-D67407CFBF37}"
EndProject
Global
	GlobalSection(SolutionConfigurationPlatforms) = preSolution
		Debug|Any CPU = Debug|Any CPU
		Release|Any CPU = Release|Any CPU
	EndGlobalSection
	GlobalSection(ProjectConfigurationPlatforms) = postSolution
		{80926CAB-1DC3-41D0-98B0-CA858A625DD7}.Debug|Any CPU.ActiveCfg = Debug|Any CPU
		{80926CAB-1DC3-41D0-98B0-CA858A625DD7}.Debug|Any CPU.Build.0 = Debug|Any CPU
		{80926CAB-1DC3-41D0-98B0-CA858A625DD7}.Release|Any CPU.ActiveCfg = Release|Any CPU
		{80926CAB-1DC3-41D0-98B0-CA858A625DD7}.Release|Any CPU.Build.0 = Release|Any CPU
		{594F5041-7C75-4639-84D1-5807FB51BFE6}.Debug|Any CPU.ActiveCfg = Debug|Any CPU
		{594F5041-7C75-4639-84D1-5807FB51BFE6}.Debug|Any CPU.Build.0 = Debug|Any CPU
		{594F5041-7C75-4639-84D1-5807FB51BFE6}.Release|Any CPU.ActiveCfg = Release|Any CPU
		{594F5041-7C75-4639-84D1-5807FB51BFE6}.Release|Any CPU.Build.0 = Release|Any CPU
		{9D6471E3-982A-4CDB-9F0F-BAE745717A3B}.Debug|Any CPU.ActiveCfg = Debug|Any CPU
		{9D6471E3-982A-4CDB-9F0F-BAE745717A3B}.Debug|Any CPU.Build.0 = Debug|Any CPU
		{9D6471E3-982A-4CDB-9F0F-BAE745717A3B}.Release|Any CPU.ActiveCfg = Release|Any CPU
		{9D6471E3-982A-4CDB-9F0F-BAE745717A3B}.Release|Any CPU.Build.0 = Release|Any CPU
		{D4148CBA-12CA-4781-9157-936D673E593C}.Debug|Any CPU.ActiveCfg = Debug|Any CPU
		{D4148CBA-12CA-4781-9157-936D673E593C}.Debug|Any CPU.Build.0 = Debug|Any CPU
		{D4148CBA-12CA-4781-9157-936D673E593C}.Release|Any CPU.ActiveCfg = Release|Any CPU
		{D4148CBA-12CA-4781-9157-936D673E593C}.Release|Any CPU.Build.0 = Release|Any CPU
		{6CC20F89-A488-42D4-BECD-9434EEB51BA9}.Debug|Any CPU.ActiveCfg = Debug|Any CPU
		{6CC20F89-A488-42D4-BECD-9434EEB51BA9}.Debug|Any CPU.Build.0 = Debug|Any CPU
		{6CC20F89-A488-42D4-BECD-9434EEB51BA9}.Release|Any CPU.ActiveCfg = Release|Any CPU
		{6CC20F89-A488-42D4-BECD-9434EEB51BA9}.Release|Any CPU.Build.0 = Release|Any CPU
		{739C8C87-36B7-431A-B79D-61CAEA54D697}.Debug|Any CPU.ActiveCfg = Debug|Any CPU
		{739C8C87-36B7-431A-B79D-61CAEA54D697}.Debug|Any CPU.Build.0 = Debug|Any CPU
		{739C8C87-36B7-431A-B79D-61CAEA54D697}.Release|Any CPU.ActiveCfg = Release|Any CPU
		{739C8C87-36B7-431A-B79D-61CAEA54D697}.Release|Any CPU.Build.0 = Release|Any CPU
		{68018069-7C90-4D10-9779-6B5B584657F3}.Debug|Any CPU.ActiveCfg = Debug|Any CPU
		{68018069-7C90-4D10-9779-6B5B584657F3}.Debug|Any CPU.Build.0 = Debug|Any CPU
		{68018069-7C90-4D10-9779-6B5B584657F3}.Release|Any CPU.ActiveCfg = Release|Any CPU
		{68018069-7C90-4D10-9779-6B5B584657F3}.Release|Any CPU.Build.0 = Release|Any CPU
		{A8674A42-E725-4A60-B023-B91E88659063}.Debug|Any CPU.ActiveCfg = Debug|Any CPU
		{A8674A42-E725-4A60-B023-B91E88659063}.Debug|Any CPU.Build.0 = Debug|Any CPU
		{A8674A42-E725-4A60-B023-B91E88659063}.Release|Any CPU.ActiveCfg = Release|Any CPU
		{A8674A42-E725-4A60-B023-B91E88659063}.Release|Any CPU.Build.0 = Release|Any CPU
		{33CDA84D-48A8-407D-8938-46B8972871E3}.Debug|Any CPU.ActiveCfg = Debug|Any CPU
		{33CDA84D-48A8-407D-8938-46B8972871E3}.Debug|Any CPU.Build.0 = Debug|Any CPU
		{33CDA84D-48A8-407D-8938-46B8972871E3}.Release|Any CPU.ActiveCfg = Release|Any CPU
		{33CDA84D-48A8-407D-8938-46B8972871E3}.Release|Any CPU.Build.0 = Release|Any CPU
		{9FD975C7-ED4F-4F12-926D-585084170312}.Debug|Any CPU.ActiveCfg = Debug|Any CPU
		{9FD975C7-ED4F-4F12-926D-585084170312}.Debug|Any CPU.Build.0 = Debug|Any CPU
		{9FD975C7-ED4F-4F12-926D-585084170312}.Release|Any CPU.ActiveCfg = Release|Any CPU
		{9FD975C7-ED4F-4F12-926D-585084170312}.Release|Any CPU.Build.0 = Release|Any CPU
		{3EAFA6BB-82A6-4364-AA34-D67407CFBF37}.Debug|Any CPU.ActiveCfg = Debug|Any CPU
		{3EAFA6BB-82A6-4364-AA34-D67407CFBF37}.Debug|Any CPU.Build.0 = Debug|Any CPU
		{3EAFA6BB-82A6-4364-AA34-D67407CFBF37}.Release|Any CPU.ActiveCfg = Release|Any CPU
		{3EAFA6BB-82A6-4364-AA34-D67407CFBF37}.Release|Any CPU.Build.0 = Release|Any CPU
	EndGlobalSection
	GlobalSection(SolutionProperties) = preSolution
		HideSolutionNode = FALSE
	EndGlobalSection
	GlobalSection(NestedProjects) = preSolution
		{6CC20F89-A488-42D4-BECD-9434EEB51BA9} = {01DABFAB-4796-43CC-B550-6D5D29E6BA1E}
		{68018069-7C90-4D10-9779-6B5B584657F3} = {01DABFAB-4796-43CC-B550-6D5D29E6BA1E}
		{9FD975C7-ED4F-4F12-926D-585084170312} = {01DABFAB-4796-43CC-B550-6D5D29E6BA1E}
	EndGlobalSection
	GlobalSection(ExtensibilityGlobals) = postSolution
		SolutionGuid = {9D0EFEEC-3D68-433F-B13D-29A8AE5E6227}
	EndGlobalSection
EndGlobal
